<?xml version="1.0" encoding="utf-8"?>
<Project ToolsVersion="4.0" xmlns="http://schemas.microsoft.com/developer/msbuild/2003">
  <ItemGroup>
    <Filter Include="源文件">
      <UniqueIdentifier>{4FC737F1-C7A5-4376-A066-2A32D752A2FF}</UniqueIdentifier>
      <Extensions>cpp;c;cc;cxx;def;odl;idl;hpj;bat;asm;asmx</Extensions>
    </Filter>
    <Filter Include="头文件">
      <UniqueIdentifier>{93995380-89BD-4b04-88EB-625FBE52EBFB}</UniqueIdentifier>
      <Extensions>h;hh;hpp;hxx;hm;inl;inc;ipp;xsd</Extensions>
    </Filter>
    <Filter Include="资源文件">
      <UniqueIdentifier>{67DA6AB6-F800-4c08-8B7A-83BB121AAD01}</UniqueIdentifier>
      <Extensions>rc;ico;cur;bmp;dlg;rc2;rct;bin;rgs;gif;jpg;jpeg;jpe;resx;tiff;tif;png;wav;mfcribbon-ms</Extensions>
    </Filter>
    <Filter Include="资源文件\tests">
      <UniqueIdentifier>{7713cf95-a3ca-4f21-baf2-8274ec8a8433}</UniqueIdentifier>
    </Filter>
    <Filter Include="资源文件\results">
      <UniqueIdentifier>{a739280a-a410-4ea0-a69a-3760e759751c}</UniqueIdentifier>
    </Filter>
  </ItemGroup>
  <ItemGroup>
    <ClInclude Include="pch.h">
      <Filter>头文件</Filter>
    </ClInclude>
    <ClInclude Include="lexical.h">
      <Filter>头文件</Filter>
    </ClInclude>
    <ClInclude Include="stdHeader.h">
      <Filter>头文件</Filter>
    </ClInclude>
    <ClInclude Include="globalvar.h">
      <Filter>头文件</Filter>
    </ClInclude>
    <ClInclude Include="error.h">
      <Filter>头文件</Filter>
    </ClInclude>
    <ClInclude Include="sign_table.h">
      <Filter>头文件</Filter>
    </ClInclude>
    <ClInclude Include="grammar.h">
      <Filter>头文件</Filter>
    </ClInclude>
    <ClInclude Include="midcode.h">
      <Filter>头文件</Filter>
    </ClInclude>
    <ClInclude Include="mips.h">
      <Filter>头文件</Filter>
    </ClInclude>
    <ClInclude Include="base_block.h">
      <Filter>头文件</Filter>
    </ClInclude>
    <ClInclude Include="optimize.h">
      <Filter>头文件</Filter>
    </ClInclude>
    <ClInclude Include="reg_distribution.h">
      <Filter>头文件</Filter>
    </ClInclude>
    <ClInclude Include="resource.h">
      <Filter>头文件</Filter>
    </ClInclude>
  </ItemGroup>
  <ItemGroup>
    <ClCompile Include="pch.cpp">
      <Filter>源文件</Filter>
    </ClCompile>
    <ClCompile Include="compiler.cpp">
      <Filter>源文件</Filter>
    </ClCompile>
    <ClCompile Include="lexical.cpp">
      <Filter>源文件</Filter>
    </ClCompile>
    <ClCompile Include="globalvar.cpp">
      <Filter>源文件</Filter>
    </ClCompile>
    <ClCompile Include="error.cpp">
      <Filter>源文件</Filter>
    </ClCompile>
    <ClCompile Include="grammar.cpp">
      <Filter>源文件</Filter>
    </ClCompile>
    <ClCompile Include="sign_table.cpp">
      <Filter>源文件</Filter>
    </ClCompile>
    <ClCompile Include="midcode.cpp">
      <Filter>源文件</Filter>
    </ClCompile>
    <ClCompile Include="mips.cpp">
      <Filter>源文件</Filter>
    </ClCompile>
    <ClCompile Include="base_block.cpp">
      <Filter>源文件</Filter>
    </ClCompile>
    <ClCompile Include="optimize.cpp">
      <Filter>源文件</Filter>
    </ClCompile>
    <ClCompile Include="reg_distribution.cpp">
      <Filter>源文件</Filter>
    </ClCompile>
  </ItemGroup>
  <ItemGroup>
    <Text Include="..\results\midcode.txt">
      <Filter>资源文件\results</Filter>
    </Text>
    <Text Include="..\results\new_midcode.txt">
      <Filter>资源文件\results</Filter>
    </Text>
    <Text Include="..\results\old_mips.txt">
      <Filter>资源文件\results</Filter>
    </Text>
    <Text Include="..\results\result.txt">
      <Filter>资源文件\results</Filter>
    </Text>
    <Text Include="..\tests\16231019_test.txt">
      <Filter>资源文件\tests</Filter>
    </Text>
    <Text Include="..\tests\16231032_test.txt">
      <Filter>资源文件\tests</Filter>
    </Text>
    <Text Include="..\tests\16231078_test.txt">
      <Filter>资源文件\tests</Filter>
    </Text>
    <Text Include="..\tests\16231092_test.txt">
      <Filter>资源文件\tests</Filter>
    </Text>
    <Text Include="..\tests\16231129_test.txt">
      <Filter>资源文件\tests</Filter>
    </Text>
    <Text Include="..\tests\16231281_test.txt">
      <Filter>资源文件\tests</Filter>
    </Text>
    <Text Include="..\tests\16721145_test.txt">
      <Filter>资源文件\tests</Filter>
    </Text>
    <Text Include="..\tests\algo1.txt">
      <Filter>资源文件\tests</Filter>
    </Text>
    <Text Include="..\tests\algo2.txt">
      <Filter>资源文件\tests</Filter>
    </Text>
    <Text Include="..\tests\algo3.txt">
      <Filter>资源文件\tests</Filter>
    </Text>
    <Text Include="..\tests\algo4.txt">
      <Filter>资源文件\tests</Filter>
    </Text>
    <Text Include="..\tests\algo5.txt">
      <Filter>资源文件\tests</Filter>
    </Text>
    <Text Include="..\tests\algo6.txt">
      <Filter>资源文件\tests</Filter>
    </Text>
    <Text Include="..\tests\algo7.txt">
      <Filter>资源文件\tests</Filter>
    </Text>
    <Text Include="..\tests\algo8.txt">
      <Filter>资源文件\tests</Filter>
    </Text>
    <Text Include="..\tests\BulletFly.txt">
      <Filter>资源文件\tests</Filter>
    </Text>
    <Text Include="..\tests\BulletFlyAMoment.txt">
      <Filter>资源文件\tests</Filter>
    </Text>
    <Text Include="..\tests\comment.txt">
      <Filter>资源文件\tests</Filter>
    </Text>
    <Text Include="..\tests\error1.txt">
      <Filter>资源文件\tests</Filter>
    </Text>
    <Text Include="..\tests\error2.txt">
      <Filter>资源文件\tests</Filter>
    </Text>
    <Text Include="..\tests\error3.txt">
      <Filter>资源文件\tests</Filter>
    </Text>
    <Text Include="..\tests\error4.txt">
      <Filter>资源文件\tests</Filter>
    </Text>
    <Text Include="..\tests\error5.txt">
      <Filter>资源文件\tests</Filter>
    </Text>
    <Text Include="..\tests\gg2.txt">
      <Filter>资源文件\tests</Filter>
    </Text>
    <Text Include="..\tests\gg3.txt">
      <Filter>资源文件\tests</Filter>
    </Text>
    <Text Include="..\tests\grammar_test.txt">
      <Filter>资源文件\tests</Filter>
    </Text>
    <Text Include="..\tests\jsh.txt">
      <Filter>资源文件\tests</Filter>
    </Text>
    <Text Include="..\tests\jsh2.txt">
      <Filter>资源文件\tests</Filter>
    </Text>
    <Text Include="..\tests\public_test1.txt">
      <Filter>资源文件\tests</Filter>
    </Text>
    <Text Include="..\tests\public_test2.txt">
      <Filter>资源文件\tests</Filter>
    </Text>
    <Text Include="..\tests\public_test3.txt">
      <Filter>资源文件\tests</Filter>
    </Text>
    <Text Include="..\tests\public_test4.txt">
      <Filter>资源文件\tests</Filter>
    </Text>
    <Text Include="..\tests\public_test5.txt">
      <Filter>资源文件\tests</Filter>
    </Text>
    <Text Include="..\tests\temp.txt">
      <Filter>资源文件\tests</Filter>
    </Text>
    <Text Include="..\tests\test_global.txt">
      <Filter>资源文件\tests</Filter>
    </Text>
    <Text Include="..\tests\test1.txt">
      <Filter>资源文件\tests</Filter>
    </Text>
    <Text Include="..\tests\test2.txt">
      <Filter>资源文件\tests</Filter>
    </Text>
    <Text Include="..\tests\test3.txt">
      <Filter>资源文件\tests</Filter>
    </Text>
    <Text Include="..\tests\test4.txt">
      <Filter>资源文件\tests</Filter>
    </Text>
    <Text Include="..\tests\test5.txt">
      <Filter>资源文件\tests</Filter>
    </Text>
    <Text Include="..\tests\tests.txt">
      <Filter>资源文件\tests</Filter>
    </Text>
    <Text Include="..\tests\try.txt">
      <Filter>资源文件\tests</Filter>
    </Text>
    <Text Include="..\tests\unlimitedcall.txt">
      <Filter>资源文件\tests</Filter>
    </Text>
    <Text Include="..\tests\web1.txt">
      <Filter>资源文件\tests</Filter>
    </Text>
    <Text Include="..\tests\web2.txt">
      <Filter>资源文件\tests</Filter>
    </Text>
    <Text Include="..\tests\web3.txt">
      <Filter>资源文件\tests</Filter>
    </Text>
    <Text Include="..\tests\web4.txt">
      <Filter>资源文件\tests</Filter>
    </Text>
    <Text Include="..\tests\web5.txt">
      <Filter>资源文件\tests</Filter>
    </Text>
    <Text Include="..\tests\web6.txt">
      <Filter>资源文件\tests</Filter>
    </Text>
    <Text Include="..\tests\web7.txt">
      <Filter>资源文件\tests</Filter>
    </Text>
    <Text Include="..\tests\web8.txt">
      <Filter>资源文件\tests</Filter>
    </Text>
    <Text Include="..\tests\web9.txt">
      <Filter>资源文件\tests</Filter>
    </Text>
    <Text Include="..\tests\web10.txt">
      <Filter>资源文件\tests</Filter>
    </Text>
    <Text Include="..\tests\web11.txt">
      <Filter>资源文件\tests</Filter>
    </Text>
    <Text Include="..\tests\web12.txt">
      <Filter>资源文件\tests</Filter>
    </Text>
    <Text Include="..\tests\web14.txt">
      <Filter>资源文件\tests</Filter>
    </Text>
    <Text Include="..\tests\web15.txt">
      <Filter>资源文件\tests</Filter>
    </Text>
    <Text Include="..\tests\web16.txt">
      <Filter>资源文件\tests</Filter>
    </Text>
    <Text Include="..\tests\web17.txt">
      <Filter>资源文件\tests</Filter>
    </Text>
    <Text Include="..\tests\web18.txt">
      <Filter>资源文件\tests</Filter>
    </Text>
    <Text Include="..\tests\web19.txt">
      <Filter>资源文件\tests</Filter>
    </Text>
    <Text Include="..\tests\web20.txt">
      <Filter>资源文件\tests</Filter>
    </Text>
    <Text Include="..\tests\web21.txt">
      <Filter>资源文件\tests</Filter>
    </Text>
    <Text Include="..\tests\web22.txt">
      <Filter>资源文件\tests</Filter>
    </Text>
  </ItemGroup>
</Project>